{"is_source_file": false, "format": "", "description": "", "external_files": [], "external_methods": [], "published": [], "classes": [], "methods": [], "calls": [], "search-terms": [], "state": 2, "file_id": 44, "knowledge_revision": 157, "git_revision": "c1d7cd11005a11f1578e2102bf287284b0d5fdd8", "hash": "e9b4c3b42cef0193b7fddb548d37e652", "format-version": 4, "code-base-name": "default", "filename": "moodvibe_frontend/post_process_status.lock", "revision_history": [{"157": "c1d7cd11005a11f1578e2102bf287284b0d5fdd8"}]}