{"is_source_file": true, "file_id": 44, "git_revision": "c1d7cd11005a11f1578e2102bf287284b0d5fdd8", "state": 1, "description": "", "external_files": [], "external_methods": [], "published": [], "classes": [], "methods": [], "calls": [], "search-terms": [], "hash": "e9b4c3b42cef0193b7fddb548d37e652", "format-version": 4, "code-base-name": "default", "filename": "moodvibe_frontend/post_process_status.lock", "knowledge_revision": 142}